// !$*UTF8*$!
{
	archiveVersion = 1;
	classes = {
	};
	objectVersion = 55;
	objects = {

/* Begin PBXBuildFile section */
		5366E31B29ED6DD100EE48F5 /* BaseView.swift in Sources */ = {isa = PBXBuildFile; fileRef = 5366E31A29ED6DD100EE48F5 /* BaseView.swift */; };
		5366E31E29ED6E9500EE48F5 /* UIView+Extension.swift in Sources */ = {isa = PBXBuildFile; fileRef = 5366E31D29ED6E9500EE48F5 /* UIView+Extension.swift */; };
		5366E32029ED84CA00EE48F5 /* LoginViewModel.swift in Sources */ = {isa = PBXBuildFile; fileRef = 5366E31F29ED84CA00EE48F5 /* LoginViewModel.swift */; };
		5366E32229ED84E500EE48F5 /* BaseViewModel.swift in Sources */ = {isa = PBXBuildFile; fileRef = 5366E32129ED84E500EE48F5 /* BaseViewModel.swift */; };
		5366E32429EE38FE00EE48F5 /* Validator.swift in Sources */ = {isa = PBXBuildFile; fileRef = 5366E32329EE38FE00EE48F5 /* Validator.swift */; };
		5366E32629EE4ECA00EE48F5 /* String+Extention.swift in Sources */ = {isa = PBXBuildFile; fileRef = 5366E32529EE4ECA00EE48F5 /* String+Extention.swift */; };
		5366E32829EE594600EE48F5 /* Rx+Extension.swift in Sources */ = {isa = PBXBuildFile; fileRef = 5366E32729EE594600EE48F5 /* Rx+Extension.swift */; };
		5367CD7E29FE1B92001A6E20 /* LoadingService.swift in Sources */ = {isa = PBXBuildFile; fileRef = 5367CD7D29FE1B92001A6E20 /* LoadingService.swift */; };
		5367CD802A000D5B001A6E20 /* UIApplication+Extension.swift in Sources */ = {isa = PBXBuildFile; fileRef = 5367CD7F2A000D5B001A6E20 /* UIApplication+Extension.swift */; };
		536BB07D29ECE30800364F27 /* ConversationsViewController.swift in Sources */ = {isa = PBXBuildFile; fileRef = 536BB07B29ECE30800364F27 /* ConversationsViewController.swift */; };
		536BB07E29ECE30800364F27 /* ConversationsViewController.xib in Resources */ = {isa = PBXBuildFile; fileRef = 536BB07C29ECE30800364F27 /* ConversationsViewController.xib */; };
		536BB08429ECE4DB00364F27 /* LoginViewController.swift in Sources */ = {isa = PBXBuildFile; fileRef = 536BB08229ECE4DB00364F27 /* LoginViewController.swift */; };
		536BB08529ECE4DB00364F27 /* LoginViewController.xib in Resources */ = {isa = PBXBuildFile; fileRef = 536BB08329ECE4DB00364F27 /* LoginViewController.xib */; };
		536BB08929ECE4F500364F27 /* RegisterViewController.swift in Sources */ = {isa = PBXBuildFile; fileRef = 536BB08729ECE4F500364F27 /* RegisterViewController.swift */; };
		536BB08A29ECE4F500364F27 /* RegisterViewController.xib in Resources */ = {isa = PBXBuildFile; fileRef = 536BB08829ECE4F500364F27 /* RegisterViewController.xib */; };
		536BB08E29ECEC4D00364F27 /* PhotoViewerViewController.swift in Sources */ = {isa = PBXBuildFile; fileRef = 536BB08C29ECEC4D00364F27 /* PhotoViewerViewController.swift */; };
		536BB08F29ECEC4D00364F27 /* PhotoViewerViewController.xib in Resources */ = {isa = PBXBuildFile; fileRef = 536BB08D29ECEC4D00364F27 /* PhotoViewerViewController.xib */; };
		536BB09329ECED1E00364F27 /* VieoPlayerViewController.swift in Sources */ = {isa = PBXBuildFile; fileRef = 536BB09129ECED1E00364F27 /* VieoPlayerViewController.swift */; };
		536BB09429ECED1E00364F27 /* VieoPlayerViewController.xib in Resources */ = {isa = PBXBuildFile; fileRef = 536BB09229ECED1E00364F27 /* VieoPlayerViewController.xib */; };
		536BB09829ECED6900364F27 /* NewConversationViewController.swift in Sources */ = {isa = PBXBuildFile; fileRef = 536BB09629ECED6900364F27 /* NewConversationViewController.swift */; };
		536BB09929ECED6900364F27 /* NewConversationViewController.xib in Resources */ = {isa = PBXBuildFile; fileRef = 536BB09729ECED6900364F27 /* NewConversationViewController.xib */; };
		536BB09D29ECED8E00364F27 /* ProfileViewController.swift in Sources */ = {isa = PBXBuildFile; fileRef = 536BB09B29ECED8E00364F27 /* ProfileViewController.swift */; };
		536BB09E29ECED8E00364F27 /* ProfileViewController.xib in Resources */ = {isa = PBXBuildFile; fileRef = 536BB09C29ECED8E00364F27 /* ProfileViewController.xib */; };
		536BB0A229ECF46600364F27 /* AppKey.swift in Sources */ = {isa = PBXBuildFile; fileRef = 536BB0A129ECF46600364F27 /* AppKey.swift */; };
		536BB0A529ED01E800364F27 /* UserDefaultManager.swift in Sources */ = {isa = PBXBuildFile; fileRef = 536BB0A429ED01E800364F27 /* UserDefaultManager.swift */; };
		536BB0A929ED04E700364F27 /* TabBarController.swift in Sources */ = {isa = PBXBuildFile; fileRef = 536BB0A829ED04E700364F27 /* TabBarController.swift */; };
		536BB0AB29ED069100364F27 /* CommonTabBarViewController.swift in Sources */ = {isa = PBXBuildFile; fileRef = 536BB0AA29ED069100364F27 /* CommonTabBarViewController.swift */; };
		536BB0AE29ED08AC00364F27 /* NavigationController.swift in Sources */ = {isa = PBXBuildFile; fileRef = 536BB0AD29ED08AC00364F27 /* NavigationController.swift */; };
		536BB0B129ED09A800364F27 /* BarButtonItem.swift in Sources */ = {isa = PBXBuildFile; fileRef = 536BB0B029ED09A800364F27 /* BarButtonItem.swift */; };
		536BB0B329ED266500364F27 /* BaseViewController.swift in Sources */ = {isa = PBXBuildFile; fileRef = 536BB0B229ED266500364F27 /* BaseViewController.swift */; };
		536BB0B729ED2F5100364F27 /* DCTextField.swift in Sources */ = {isa = PBXBuildFile; fileRef = 536BB0B629ED2F5100364F27 /* DCTextField.swift */; };
		536BB0B929ED301A00364F27 /* DCTextField.xib in Resources */ = {isa = PBXBuildFile; fileRef = 536BB0B829ED301A00364F27 /* DCTextField.xib */; };
		536BB0BB29ED43A900364F27 /* BaseTextField.swift in Sources */ = {isa = PBXBuildFile; fileRef = 536BB0BA29ED43A900364F27 /* BaseTextField.swift */; };
		536BB0BD29ED487B00364F27 /* BaseButton.swift in Sources */ = {isa = PBXBuildFile; fileRef = 536BB0BC29ED487B00364F27 /* BaseButton.swift */; };
		536BB0C029ED49B700364F27 /* DCButton.swift in Sources */ = {isa = PBXBuildFile; fileRef = 536BB0BF29ED49B700364F27 /* DCButton.swift */; };
		536BB0C229ED4A3900364F27 /* DCButton.xib in Resources */ = {isa = PBXBuildFile; fileRef = 536BB0C129ED4A3900364F27 /* DCButton.xib */; };
		538385D329FB864900FD7559 /* GoogleService-Info.plist in Resources */ = {isa = PBXBuildFile; fileRef = 538385D229FB864900FD7559 /* GoogleService-Info.plist */; };
		538385D529FB888B00FD7559 /* AuthenticationManager.swift in Sources */ = {isa = PBXBuildFile; fileRef = 538385D429FB888B00FD7559 /* AuthenticationManager.swift */; };
		538385D729FBC14A00FD7559 /* UIViewController+Rx+Extension.swift in Sources */ = {isa = PBXBuildFile; fileRef = 538385D629FBC14A00FD7559 /* UIViewController+Rx+Extension.swift */; };
		538385D929FBCB1500FD7559 /* DatabaseManager.swift in Sources */ = {isa = PBXBuildFile; fileRef = 538385D829FBCB1500FD7559 /* DatabaseManager.swift */; };
		53AD14FA29EC58D000DF1F4F /* AppDelegate.swift in Sources */ = {isa = PBXBuildFile; fileRef = 53AD14F929EC58D000DF1F4F /* AppDelegate.swift */; };
		53AD14FC29EC58D000DF1F4F /* SceneDelegate.swift in Sources */ = {isa = PBXBuildFile; fileRef = 53AD14FB29EC58D000DF1F4F /* SceneDelegate.swift */; };
		53AD150329EC58D300DF1F4F /* Assets.xcassets in Resources */ = {isa = PBXBuildFile; fileRef = 53AD150229EC58D300DF1F4F /* Assets.xcassets */; };
		53AD150629EC58D300DF1F4F /* LaunchScreen.storyboard in Resources */ = {isa = PBXBuildFile; fileRef = 53AD150429EC58D300DF1F4F /* LaunchScreen.storyboard */; };
		53C5D85429F1767200A6B063 /* Theme.swift in Sources */ = {isa = PBXBuildFile; fileRef = 53C5D85329F1767200A6B063 /* Theme.swift */; };
		53D2C3B829F4405700DEFFBA /* RegisterViewModel.swift in Sources */ = {isa = PBXBuildFile; fileRef = 53D2C3B729F4405700DEFFBA /* RegisterViewModel.swift */; };
		B7E45F63CD00C2AB9E122A1C /* Pods_ChatDemo.framework in Frameworks */ = {isa = PBXBuildFile; fileRef = 8BEEFEADF421C0B04386A769 /* Pods_ChatDemo.framework */; };
/* End PBXBuildFile section */

/* Begin PBXFileReference section */
		5307EE162512B14B44AC6BE7 /* Pods-ChatDemo.release.xcconfig */ = {isa = PBXFileReference; includeInIndex = 1; lastKnownFileType = text.xcconfig; name = "Pods-ChatDemo.release.xcconfig"; path = "Target Support Files/Pods-ChatDemo/Pods-ChatDemo.release.xcconfig"; sourceTree = "<group>"; };
		5366E31A29ED6DD100EE48F5 /* BaseView.swift */ = {isa = PBXFileReference; lastKnownFileType = sourcecode.swift; path = BaseView.swift; sourceTree = "<group>"; };
		5366E31D29ED6E9500EE48F5 /* UIView+Extension.swift */ = {isa = PBXFileReference; lastKnownFileType = sourcecode.swift; path = "UIView+Extension.swift"; sourceTree = "<group>"; };
		5366E31F29ED84CA00EE48F5 /* LoginViewModel.swift */ = {isa = PBXFileReference; lastKnownFileType = sourcecode.swift; path = LoginViewModel.swift; sourceTree = "<group>"; };
		5366E32129ED84E500EE48F5 /* BaseViewModel.swift */ = {isa = PBXFileReference; lastKnownFileType = sourcecode.swift; path = BaseViewModel.swift; sourceTree = "<group>"; };
		5366E32329EE38FE00EE48F5 /* Validator.swift */ = {isa = PBXFileReference; lastKnownFileType = sourcecode.swift; path = Validator.swift; sourceTree = "<group>"; };
		5366E32529EE4ECA00EE48F5 /* String+Extention.swift */ = {isa = PBXFileReference; lastKnownFileType = sourcecode.swift; path = "String+Extention.swift"; sourceTree = "<group>"; };
		5366E32729EE594600EE48F5 /* Rx+Extension.swift */ = {isa = PBXFileReference; lastKnownFileType = sourcecode.swift; path = "Rx+Extension.swift"; sourceTree = "<group>"; };
		5367CD7D29FE1B92001A6E20 /* LoadingService.swift */ = {isa = PBXFileReference; lastKnownFileType = sourcecode.swift; path = LoadingService.swift; sourceTree = "<group>"; };
		5367CD7F2A000D5B001A6E20 /* UIApplication+Extension.swift */ = {isa = PBXFileReference; lastKnownFileType = sourcecode.swift; path = "UIApplication+Extension.swift"; sourceTree = "<group>"; };
		536BB07B29ECE30800364F27 /* ConversationsViewController.swift */ = {isa = PBXFileReference; lastKnownFileType = sourcecode.swift; path = ConversationsViewController.swift; sourceTree = "<group>"; };
		536BB07C29ECE30800364F27 /* ConversationsViewController.xib */ = {isa = PBXFileReference; lastKnownFileType = file.xib; path = ConversationsViewController.xib; sourceTree = "<group>"; };
		536BB08229ECE4DB00364F27 /* LoginViewController.swift */ = {isa = PBXFileReference; lastKnownFileType = sourcecode.swift; path = LoginViewController.swift; sourceTree = "<group>"; };
		536BB08329ECE4DB00364F27 /* LoginViewController.xib */ = {isa = PBXFileReference; lastKnownFileType = file.xib; path = LoginViewController.xib; sourceTree = "<group>"; };
		536BB08729ECE4F500364F27 /* RegisterViewController.swift */ = {isa = PBXFileReference; lastKnownFileType = sourcecode.swift; path = RegisterViewController.swift; sourceTree = "<group>"; };
		536BB08829ECE4F500364F27 /* RegisterViewController.xib */ = {isa = PBXFileReference; lastKnownFileType = file.xib; path = RegisterViewController.xib; sourceTree = "<group>"; };
		536BB08C29ECEC4D00364F27 /* PhotoViewerViewController.swift */ = {isa = PBXFileReference; lastKnownFileType = sourcecode.swift; path = PhotoViewerViewController.swift; sourceTree = "<group>"; };
		536BB08D29ECEC4D00364F27 /* PhotoViewerViewController.xib */ = {isa = PBXFileReference; lastKnownFileType = file.xib; path = PhotoViewerViewController.xib; sourceTree = "<group>"; };
		536BB09129ECED1E00364F27 /* VieoPlayerViewController.swift */ = {isa = PBXFileReference; lastKnownFileType = sourcecode.swift; path = VieoPlayerViewController.swift; sourceTree = "<group>"; };
		536BB09229ECED1E00364F27 /* VieoPlayerViewController.xib */ = {isa = PBXFileReference; lastKnownFileType = file.xib; path = VieoPlayerViewController.xib; sourceTree = "<group>"; };
		536BB09629ECED6900364F27 /* NewConversationViewController.swift */ = {isa = PBXFileReference; lastKnownFileType = sourcecode.swift; path = NewConversationViewController.swift; sourceTree = "<group>"; };
		536BB09729ECED6900364F27 /* NewConversationViewController.xib */ = {isa = PBXFileReference; lastKnownFileType = file.xib; path = NewConversationViewController.xib; sourceTree = "<group>"; };
		536BB09B29ECED8E00364F27 /* ProfileViewController.swift */ = {isa = PBXFileReference; lastKnownFileType = sourcecode.swift; path = ProfileViewController.swift; sourceTree = "<group>"; };
		536BB09C29ECED8E00364F27 /* ProfileViewController.xib */ = {isa = PBXFileReference; lastKnownFileType = file.xib; path = ProfileViewController.xib; sourceTree = "<group>"; };
		536BB0A129ECF46600364F27 /* AppKey.swift */ = {isa = PBXFileReference; lastKnownFileType = sourcecode.swift; path = AppKey.swift; sourceTree = "<group>"; };
		536BB0A429ED01E800364F27 /* UserDefaultManager.swift */ = {isa = PBXFileReference; lastKnownFileType = sourcecode.swift; path = UserDefaultManager.swift; sourceTree = "<group>"; };
		536BB0A829ED04E700364F27 /* TabBarController.swift */ = {isa = PBXFileReference; lastKnownFileType = sourcecode.swift; path = TabBarController.swift; sourceTree = "<group>"; };
		536BB0AA29ED069100364F27 /* CommonTabBarViewController.swift */ = {isa = PBXFileReference; lastKnownFileType = sourcecode.swift; path = CommonTabBarViewController.swift; sourceTree = "<group>"; };
		536BB0AD29ED08AC00364F27 /* NavigationController.swift */ = {isa = PBXFileReference; lastKnownFileType = sourcecode.swift; path = NavigationController.swift; sourceTree = "<group>"; };
		536BB0B029ED09A800364F27 /* BarButtonItem.swift */ = {isa = PBXFileReference; lastKnownFileType = sourcecode.swift; path = BarButtonItem.swift; sourceTree = "<group>"; };
		536BB0B229ED266500364F27 /* BaseViewController.swift */ = {isa = PBXFileReference; lastKnownFileType = sourcecode.swift; path = BaseViewController.swift; sourceTree = "<group>"; };
		536BB0B629ED2F5100364F27 /* DCTextField.swift */ = {isa = PBXFileReference; lastKnownFileType = sourcecode.swift; path = DCTextField.swift; sourceTree = "<group>"; };
		536BB0B829ED301A00364F27 /* DCTextField.xib */ = {isa = PBXFileReference; lastKnownFileType = file.xib; path = DCTextField.xib; sourceTree = "<group>"; };
		536BB0BA29ED43A900364F27 /* BaseTextField.swift */ = {isa = PBXFileReference; lastKnownFileType = sourcecode.swift; path = BaseTextField.swift; sourceTree = "<group>"; };
		536BB0BC29ED487B00364F27 /* BaseButton.swift */ = {isa = PBXFileReference; lastKnownFileType = sourcecode.swift; path = BaseButton.swift; sourceTree = "<group>"; };
		536BB0BF29ED49B700364F27 /* DCButton.swift */ = {isa = PBXFileReference; lastKnownFileType = sourcecode.swift; path = DCButton.swift; sourceTree = "<group>"; };
		536BB0C129ED4A3900364F27 /* DCButton.xib */ = {isa = PBXFileReference; lastKnownFileType = file.xib; path = DCButton.xib; sourceTree = "<group>"; };
		538385D229FB864900FD7559 /* GoogleService-Info.plist */ = {isa = PBXFileReference; fileEncoding = 4; lastKnownFileType = text.plist.xml; path = "GoogleService-Info.plist"; sourceTree = "<group>"; };
		538385D429FB888B00FD7559 /* AuthenticationManager.swift */ = {isa = PBXFileReference; lastKnownFileType = sourcecode.swift; path = AuthenticationManager.swift; sourceTree = "<group>"; };
		538385D629FBC14A00FD7559 /* UIViewController+Rx+Extension.swift */ = {isa = PBXFileReference; lastKnownFileType = sourcecode.swift; path = "UIViewController+Rx+Extension.swift"; sourceTree = "<group>"; };
		538385D829FBCB1500FD7559 /* DatabaseManager.swift */ = {isa = PBXFileReference; lastKnownFileType = sourcecode.swift; path = DatabaseManager.swift; sourceTree = "<group>"; };
		53AD14F629EC58D000DF1F4F /* ChatDemo.app */ = {isa = PBXFileReference; explicitFileType = wrapper.application; includeInIndex = 0; path = ChatDemo.app; sourceTree = BUILT_PRODUCTS_DIR; };
		53AD14F929EC58D000DF1F4F /* AppDelegate.swift */ = {isa = PBXFileReference; lastKnownFileType = sourcecode.swift; path = AppDelegate.swift; sourceTree = "<group>"; };
		53AD14FB29EC58D000DF1F4F /* SceneDelegate.swift */ = {isa = PBXFileReference; lastKnownFileType = sourcecode.swift; path = SceneDelegate.swift; sourceTree = "<group>"; };
		53AD150229EC58D300DF1F4F /* Assets.xcassets */ = {isa = PBXFileReference; lastKnownFileType = folder.assetcatalog; path = Assets.xcassets; sourceTree = "<group>"; };
		53AD150529EC58D300DF1F4F /* Base */ = {isa = PBXFileReference; lastKnownFileType = file.storyboard; name = Base; path = Base.lproj/LaunchScreen.storyboard; sourceTree = "<group>"; };
		53AD150729EC58D300DF1F4F /* Info.plist */ = {isa = PBXFileReference; lastKnownFileType = text.plist.xml; path = Info.plist; sourceTree = "<group>"; };
		53C5D85329F1767200A6B063 /* Theme.swift */ = {isa = PBXFileReference; lastKnownFileType = sourcecode.swift; path = Theme.swift; sourceTree = "<group>"; };
		53D2C3B729F4405700DEFFBA /* RegisterViewModel.swift */ = {isa = PBXFileReference; lastKnownFileType = sourcecode.swift; path = RegisterViewModel.swift; sourceTree = "<group>"; };
		8BEEFEADF421C0B04386A769 /* Pods_ChatDemo.framework */ = {isa = PBXFileReference; explicitFileType = wrapper.framework; includeInIndex = 0; path = Pods_ChatDemo.framework; sourceTree = BUILT_PRODUCTS_DIR; };
		E15B8B72A86A9C8B1466B0A8 /* Pods-ChatDemo.debug.xcconfig */ = {isa = PBXFileReference; includeInIndex = 1; lastKnownFileType = text.xcconfig; name = "Pods-ChatDemo.debug.xcconfig"; path = "Target Support Files/Pods-ChatDemo/Pods-ChatDemo.debug.xcconfig"; sourceTree = "<group>"; };
/* End PBXFileReference section */

/* Begin PBXFrameworksBuildPhase section */
		53AD14F329EC58D000DF1F4F /* Frameworks */ = {
			isa = PBXFrameworksBuildPhase;
			buildActionMask = 2147483647;
			files = (
				B7E45F63CD00C2AB9E122A1C /* Pods_ChatDemo.framework in Frameworks */,
			);
			runOnlyForDeploymentPostprocessing = 0;
		};
/* End PBXFrameworksBuildPhase section */

/* Begin PBXGroup section */
		5366E31C29ED6E7700EE48F5 /* Extensions */ = {
			isa = PBXGroup;
			children = (
				5366E31D29ED6E9500EE48F5 /* UIView+Extension.swift */,
				5366E32529EE4ECA00EE48F5 /* String+Extention.swift */,
				5366E32729EE594600EE48F5 /* Rx+Extension.swift */,
				538385D629FBC14A00FD7559 /* UIViewController+Rx+Extension.swift */,
				5367CD7F2A000D5B001A6E20 /* UIApplication+Extension.swift */,
			);
			path = Extensions;
			sourceTree = "<group>";
		};
		536BB07529ECE26600364F27 /* Resources */ = {
			isa = PBXGroup;
			children = (
				538385D229FB864900FD7559 /* GoogleService-Info.plist */,
				53AD14F929EC58D000DF1F4F /* AppDelegate.swift */,
				53AD14FB29EC58D000DF1F4F /* SceneDelegate.swift */,
			);
			path = Resources;
			sourceTree = "<group>";
		};
		536BB07629ECE27000364F27 /* Views */ = {
			isa = PBXGroup;
			children = (
				536BB0B429ED2E3100364F27 /* CustomViews */,
				536BB0AF29ED096800364F27 /* BaseView */,
				536BB07929ECE2D500364F27 /* Storyboards */,
				53AD150229EC58D300DF1F4F /* Assets.xcassets */,
			);
			path = Views;
			sourceTree = "<group>";
		};
		536BB07729ECE27900364F27 /* ViewControllers */ = {
			isa = PBXGroup;
			children = (
				536BB09A29ECED8100364F27 /* Profile */,
				536BB09529ECED5600364F27 /* NewConversation */,
				536BB09029ECED0900364F27 /* VieoPlayer */,
				536BB08B29ECEC3300364F27 /* PhotoViewer */,
				536BB08029ECE4B900364F27 /* Authentications */,
				536BB07A29ECE2F400364F27 /* Conversations */,
			);
			path = ViewControllers;
			sourceTree = "<group>";
		};
		536BB07929ECE2D500364F27 /* Storyboards */ = {
			isa = PBXGroup;
			children = (
				53AD150429EC58D300DF1F4F /* LaunchScreen.storyboard */,
			);
			name = Storyboards;
			sourceTree = "<group>";
		};
		536BB07A29ECE2F400364F27 /* Conversations */ = {
			isa = PBXGroup;
			children = (
				536BB07B29ECE30800364F27 /* ConversationsViewController.swift */,
				536BB07C29ECE30800364F27 /* ConversationsViewController.xib */,
			);
			path = Conversations;
			sourceTree = "<group>";
		};
		536BB07F29ECE44000364F27 /* Models */ = {
			isa = PBXGroup;
			children = (
			);
			path = Models;
			sourceTree = "<group>";
		};
		536BB08029ECE4B900364F27 /* Authentications */ = {
			isa = PBXGroup;
			children = (
				536BB08629ECE4DF00364F27 /* Register */,
				536BB08129ECE4C600364F27 /* Login */,
			);
			path = Authentications;
			sourceTree = "<group>";
		};
		536BB08129ECE4C600364F27 /* Login */ = {
			isa = PBXGroup;
			children = (
				536BB08229ECE4DB00364F27 /* LoginViewController.swift */,
				536BB08329ECE4DB00364F27 /* LoginViewController.xib */,
				5366E31F29ED84CA00EE48F5 /* LoginViewModel.swift */,
			);
			path = Login;
			sourceTree = "<group>";
		};
		536BB08629ECE4DF00364F27 /* Register */ = {
			isa = PBXGroup;
			children = (
				536BB08729ECE4F500364F27 /* RegisterViewController.swift */,
				536BB08829ECE4F500364F27 /* RegisterViewController.xib */,
				53D2C3B729F4405700DEFFBA /* RegisterViewModel.swift */,
			);
			path = Register;
			sourceTree = "<group>";
		};
		536BB08B29ECEC3300364F27 /* PhotoViewer */ = {
			isa = PBXGroup;
			children = (
				536BB08C29ECEC4D00364F27 /* PhotoViewerViewController.swift */,
				536BB08D29ECEC4D00364F27 /* PhotoViewerViewController.xib */,
			);
			path = PhotoViewer;
			sourceTree = "<group>";
		};
		536BB09029ECED0900364F27 /* VieoPlayer */ = {
			isa = PBXGroup;
			children = (
				536BB09129ECED1E00364F27 /* VieoPlayerViewController.swift */,
				536BB09229ECED1E00364F27 /* VieoPlayerViewController.xib */,
			);
			path = VieoPlayer;
			sourceTree = "<group>";
		};
		536BB09529ECED5600364F27 /* NewConversation */ = {
			isa = PBXGroup;
			children = (
				536BB09629ECED6900364F27 /* NewConversationViewController.swift */,
				536BB09729ECED6900364F27 /* NewConversationViewController.xib */,
			);
			path = NewConversation;
			sourceTree = "<group>";
		};
		536BB09A29ECED8100364F27 /* Profile */ = {
			isa = PBXGroup;
			children = (
				536BB09B29ECED8E00364F27 /* ProfileViewController.swift */,
				536BB09C29ECED8E00364F27 /* ProfileViewController.xib */,
			);
			path = Profile;
			sourceTree = "<group>";
		};
		536BB0A029ECF45800364F27 /* General */ = {
			isa = PBXGroup;
			children = (
				536BB0A129ECF46600364F27 /* AppKey.swift */,
				53C5D85329F1767200A6B063 /* Theme.swift */,
			);
			path = General;
			sourceTree = "<group>";
		};
		536BB0A329ED01B800364F27 /* Managers */ = {
			isa = PBXGroup;
			children = (
				536BB0A429ED01E800364F27 /* UserDefaultManager.swift */,
				5366E32329EE38FE00EE48F5 /* Validator.swift */,
				538385D429FB888B00FD7559 /* AuthenticationManager.swift */,
				538385D829FBCB1500FD7559 /* DatabaseManager.swift */,
				5367CD7D29FE1B92001A6E20 /* LoadingService.swift */,
			);
			path = Managers;
			sourceTree = "<group>";
		};
		536BB0A629ED04BA00364F27 /* TabBarControllers */ = {
			isa = PBXGroup;
			children = (
				536BB0A729ED04CC00364F27 /* TabBarController */,
				536BB0AA29ED069100364F27 /* CommonTabBarViewController.swift */,
				536BB0B029ED09A800364F27 /* BarButtonItem.swift */,
			);
			path = TabBarControllers;
			sourceTree = "<group>";
		};
		536BB0A729ED04CC00364F27 /* TabBarController */ = {
			isa = PBXGroup;
			children = (
				536BB0A829ED04E700364F27 /* TabBarController.swift */,
			);
			path = TabBarController;
			sourceTree = "<group>";
		};
		536BB0AC29ED088100364F27 /* NavigationController */ = {
			isa = PBXGroup;
			children = (
				536BB0AD29ED08AC00364F27 /* NavigationController.swift */,
			);
			path = NavigationController;
			sourceTree = "<group>";
		};
		536BB0AF29ED096800364F27 /* BaseView */ = {
			isa = PBXGroup;
			children = (
				538385D129FAC48A00FD7559 /* BaseImagePicker */,
				536BB0A629ED04BA00364F27 /* TabBarControllers */,
				536BB0AC29ED088100364F27 /* NavigationController */,
				536BB0B229ED266500364F27 /* BaseViewController.swift */,
				536BB0BA29ED43A900364F27 /* BaseTextField.swift */,
				536BB0BC29ED487B00364F27 /* BaseButton.swift */,
				5366E31A29ED6DD100EE48F5 /* BaseView.swift */,
				5366E32129ED84E500EE48F5 /* BaseViewModel.swift */,
			);
			name = BaseView;
			sourceTree = "<group>";
		};
		536BB0B429ED2E3100364F27 /* CustomViews */ = {
			isa = PBXGroup;
			children = (
				536BB0BE29ED49A700364F27 /* DCButton */,
				536BB0B529ED2F2000364F27 /* DCTextField */,
			);
			name = CustomViews;
			sourceTree = "<group>";
		};
		536BB0B529ED2F2000364F27 /* DCTextField */ = {
			isa = PBXGroup;
			children = (
				536BB0B629ED2F5100364F27 /* DCTextField.swift */,
				536BB0B829ED301A00364F27 /* DCTextField.xib */,
			);
			name = DCTextField;
			sourceTree = "<group>";
		};
		536BB0BE29ED49A700364F27 /* DCButton */ = {
			isa = PBXGroup;
			children = (
				536BB0BF29ED49B700364F27 /* DCButton.swift */,
				536BB0C129ED4A3900364F27 /* DCButton.xib */,
			);
			name = DCButton;
			sourceTree = "<group>";
		};
		538385D129FAC48A00FD7559 /* BaseImagePicker */ = {
			isa = PBXGroup;
			children = (
			);
			path = BaseImagePicker;
			sourceTree = "<group>";
		};
		53AD14ED29EC58D000DF1F4F = {
			isa = PBXGroup;
			children = (
				53AD14F829EC58D000DF1F4F /* ChatDemo */,
				53AD14F729EC58D000DF1F4F /* Products */,
				7800A9FCF50BD3AA7D236DBB /* Pods */,
				643AD72CF8E924A3C5D5C332 /* Frameworks */,
			);
			sourceTree = "<group>";
		};
		53AD14F729EC58D000DF1F4F /* Products */ = {
			isa = PBXGroup;
			children = (
				53AD14F629EC58D000DF1F4F /* ChatDemo.app */,
			);
			name = Products;
			sourceTree = "<group>";
		};
		53AD14F829EC58D000DF1F4F /* ChatDemo */ = {
			isa = PBXGroup;
			children = (
				5366E31C29ED6E7700EE48F5 /* Extensions */,
				536BB0A329ED01B800364F27 /* Managers */,
				536BB0A029ECF45800364F27 /* General */,
				536BB07F29ECE44000364F27 /* Models */,
				536BB07729ECE27900364F27 /* ViewControllers */,
				536BB07629ECE27000364F27 /* Views */,
				536BB07529ECE26600364F27 /* Resources */,
				53AD150729EC58D300DF1F4F /* Info.plist */,
			);
			path = ChatDemo;
			sourceTree = "<group>";
		};
		643AD72CF8E924A3C5D5C332 /* Frameworks */ = {
			isa = PBXGroup;
			children = (
				8BEEFEADF421C0B04386A769 /* Pods_ChatDemo.framework */,
			);
			name = Frameworks;
			sourceTree = "<group>";
		};
		7800A9FCF50BD3AA7D236DBB /* Pods */ = {
			isa = PBXGroup;
			children = (
				E15B8B72A86A9C8B1466B0A8 /* Pods-ChatDemo.debug.xcconfig */,
				5307EE162512B14B44AC6BE7 /* Pods-ChatDemo.release.xcconfig */,
			);
			path = Pods;
			sourceTree = "<group>";
		};
/* End PBXGroup section */

/* Begin PBXNativeTarget section */
		53AD14F529EC58D000DF1F4F /* ChatDemo */ = {
			isa = PBXNativeTarget;
			buildConfigurationList = 53AD150A29EC58D300DF1F4F /* Build configuration list for PBXNativeTarget "ChatDemo" */;
			buildPhases = (
				DF5AC52A2F392B57FD9AF6D1 /* [CP] Check Pods Manifest.lock */,
				53AD14F229EC58D000DF1F4F /* Sources */,
				53AD14F329EC58D000DF1F4F /* Frameworks */,
				53AD14F429EC58D000DF1F4F /* Resources */,
				F0E9B5F208B061BD8D825E16 /* [CP] Embed Pods Frameworks */,
				536BB09F29ECEEE200364F27 /* ShellScript */,
			);
			buildRules = (
			);
			dependencies = (
			);
			name = ChatDemo;
			productName = ChatDemo;
			productReference = 53AD14F629EC58D000DF1F4F /* ChatDemo.app */;
			productType = "com.apple.product-type.application";
		};
/* End PBXNativeTarget section */

/* Begin PBXProject section */
		53AD14EE29EC58D000DF1F4F /* Project object */ = {
			isa = PBXProject;
			attributes = {
				BuildIndependentTargetsInParallel = 1;
				LastSwiftUpdateCheck = 1340;
				LastUpgradeCheck = 1340;
				TargetAttributes = {
					53AD14F529EC58D000DF1F4F = {
						CreatedOnToolsVersion = 13.4.1;
					};
				};
			};
			buildConfigurationList = 53AD14F129EC58D000DF1F4F /* Build configuration list for PBXProject "ChatDemo" */;
			compatibilityVersion = "Xcode 13.0";
			developmentRegion = en;
			hasScannedForEncodings = 0;
			knownRegions = (
				en,
				Base,
			);
			mainGroup = 53AD14ED29EC58D000DF1F4F;
			productRefGroup = 53AD14F729EC58D000DF1F4F /* Products */;
			projectDirPath = "";
			projectRoot = "";
			targets = (
				53AD14F529EC58D000DF1F4F /* ChatDemo */,
			);
		};
/* End PBXProject section */

/* Begin PBXResourcesBuildPhase section */
		53AD14F429EC58D000DF1F4F /* Resources */ = {
			isa = PBXResourcesBuildPhase;
			buildActionMask = 2147483647;
			files = (
				536BB0C229ED4A3900364F27 /* DCButton.xib in Resources */,
				536BB0B929ED301A00364F27 /* DCTextField.xib in Resources */,
				536BB09E29ECED8E00364F27 /* ProfileViewController.xib in Resources */,
				536BB08529ECE4DB00364F27 /* LoginViewController.xib in Resources */,
				536BB09429ECED1E00364F27 /* VieoPlayerViewController.xib in Resources */,
				538385D329FB864900FD7559 /* GoogleService-Info.plist in Resources */,
				536BB09929ECED6900364F27 /* NewConversationViewController.xib in Resources */,
				536BB08A29ECE4F500364F27 /* RegisterViewController.xib in Resources */,
				536BB07E29ECE30800364F27 /* ConversationsViewController.xib in Resources */,
				53AD150629EC58D300DF1F4F /* LaunchScreen.storyboard in Resources */,
				53AD150329EC58D300DF1F4F /* Assets.xcassets in Resources */,
				536BB08F29ECEC4D00364F27 /* PhotoViewerViewController.xib in Resources */,
			);
			runOnlyForDeploymentPostprocessing = 0;
		};
/* End PBXResourcesBuildPhase section */

/* Begin PBXShellScriptBuildPhase section */
		536BB09F29ECEEE200364F27 /* ShellScript */ = {
			isa = PBXShellScriptBuildPhase;
			buildActionMask = 2147483647;
			files = (
			);
			inputFileListPaths = (
			);
			inputPaths = (
			);
			outputFileListPaths = (
			);
			outputPaths = (
			);
			runOnlyForDeploymentPostprocessing = 0;
			shellPath = /bin/sh;
			shellScript = "# Type a script or drag a script file from your workspace to insert its path.\n\"${PODS_ROOT}/SwiftLint/swiftlint\"\n";
		};
		DF5AC52A2F392B57FD9AF6D1 /* [CP] Check Pods Manifest.lock */ = {
			isa = PBXShellScriptBuildPhase;
			buildActionMask = 2147483647;
			files = (
			);
			inputFileListPaths = (
			);
			inputPaths = (
				"${PODS_PODFILE_DIR_PATH}/Podfile.lock",
				"${PODS_ROOT}/Manifest.lock",
			);
			name = "[CP] Check Pods Manifest.lock";
			outputFileListPaths = (
			);
			outputPaths = (
				"$(DERIVED_FILE_DIR)/Pods-ChatDemo-checkManifestLockResult.txt",
			);
			runOnlyForDeploymentPostprocessing = 0;
			shellPath = /bin/sh;
			shellScript = "diff \"${PODS_PODFILE_DIR_PATH}/Podfile.lock\" \"${PODS_ROOT}/Manifest.lock\" > /dev/null\nif [ $? != 0 ] ; then\n    # print error to STDERR\n    echo \"error: The sandbox is not in sync with the Podfile.lock. Run 'pod install' or update your CocoaPods installation.\" >&2\n    exit 1\nfi\n# This output is used by Xcode 'outputs' to avoid re-running this script phase.\necho \"SUCCESS\" > \"${SCRIPT_OUTPUT_FILE_0}\"\n";
			showEnvVarsInLog = 0;
		};
		F0E9B5F208B061BD8D825E16 /* [CP] Embed Pods Frameworks */ = {
			isa = PBXShellScriptBuildPhase;
			buildActionMask = 2147483647;
			files = (
			);
			inputFileListPaths = (
				"${PODS_ROOT}/Target Support Files/Pods-ChatDemo/Pods-ChatDemo-frameworks-${CONFIGURATION}-input-files.xcfilelist",
			);
			name = "[CP] Embed Pods Frameworks";
			outputFileListPaths = (
				"${PODS_ROOT}/Target Support Files/Pods-ChatDemo/Pods-ChatDemo-frameworks-${CONFIGURATION}-output-files.xcfilelist",
			);
			runOnlyForDeploymentPostprocessing = 0;
			shellPath = /bin/sh;
			shellScript = "\"${PODS_ROOT}/Target Support Files/Pods-ChatDemo/Pods-ChatDemo-frameworks.sh\"\n";
			showEnvVarsInLog = 0;
		};
/* End PBXShellScriptBuildPhase section */

/* Begin PBXSourcesBuildPhase section */
		53AD14F229EC58D000DF1F4F /* Sources */ = {
			isa = PBXSourcesBuildPhase;
			buildActionMask = 2147483647;
			files = (
				5366E32029ED84CA00EE48F5 /* LoginViewModel.swift in Sources */,
				5366E31E29ED6E9500EE48F5 /* UIView+Extension.swift in Sources */,
				5367CD802A000D5B001A6E20 /* UIApplication+Extension.swift in Sources */,
				536BB0BB29ED43A900364F27 /* BaseTextField.swift in Sources */,
				538385D529FB888B00FD7559 /* AuthenticationManager.swift in Sources */,
				536BB0B729ED2F5100364F27 /* DCTextField.swift in Sources */,
				536BB08429ECE4DB00364F27 /* LoginViewController.swift in Sources */,
				5367CD7E29FE1B92001A6E20 /* LoadingService.swift in Sources */,
				538385D729FBC14A00FD7559 /* UIViewController+Rx+Extension.swift in Sources */,
				5366E32229ED84E500EE48F5 /* BaseViewModel.swift in Sources */,
				536BB08929ECE4F500364F27 /* RegisterViewController.swift in Sources */,
				536BB09829ECED6900364F27 /* NewConversationViewController.swift in Sources */,
				536BB0B129ED09A800364F27 /* BarButtonItem.swift in Sources */,
				5366E32829EE594600EE48F5 /* Rx+Extension.swift in Sources */,
				536BB07D29ECE30800364F27 /* ConversationsViewController.swift in Sources */,
				536BB09329ECED1E00364F27 /* VieoPlayerViewController.swift in Sources */,
				536BB0C029ED49B700364F27 /* DCButton.swift in Sources */,
				53C5D85429F1767200A6B063 /* Theme.swift in Sources */,
				536BB0AE29ED08AC00364F27 /* NavigationController.swift in Sources */,
				536BB0BD29ED487B00364F27 /* BaseButton.swift in Sources */,
				53AD14FA29EC58D000DF1F4F /* AppDelegate.swift in Sources */,
				5366E32629EE4ECA00EE48F5 /* String+Extention.swift in Sources */,
				538385D929FBCB1500FD7559 /* DatabaseManager.swift in Sources */,
				536BB09D29ECED8E00364F27 /* ProfileViewController.swift in Sources */,
				536BB0A529ED01E800364F27 /* UserDefaultManager.swift in Sources */,
				53AD14FC29EC58D000DF1F4F /* SceneDelegate.swift in Sources */,
				536BB0AB29ED069100364F27 /* CommonTabBarViewController.swift in Sources */,
				536BB0A929ED04E700364F27 /* TabBarController.swift in Sources */,
				536BB0B329ED266500364F27 /* BaseViewController.swift in Sources */,
				5366E31B29ED6DD100EE48F5 /* BaseView.swift in Sources */,
				5366E32429EE38FE00EE48F5 /* Validator.swift in Sources */,
				53D2C3B829F4405700DEFFBA /* RegisterViewModel.swift in Sources */,
				536BB08E29ECEC4D00364F27 /* PhotoViewerViewController.swift in Sources */,
				536BB0A229ECF46600364F27 /* AppKey.swift in Sources */,
			);
			runOnlyForDeploymentPostprocessing = 0;
		};
/* End PBXSourcesBuildPhase section */

/* Begin PBXVariantGroup section */
		53AD150429EC58D300DF1F4F /* LaunchScreen.storyboard */ = {
			isa = PBXVariantGroup;
			children = (
				53AD150529EC58D300DF1F4F /* Base */,
			);
			name = LaunchScreen.storyboard;
			sourceTree = "<group>";
		};
/* End PBXVariantGroup section */

/* Begin XCBuildConfiguration section */
		53AD150829EC58D300DF1F4F /* Debug */ = {
			isa = XCBuildConfiguration;
			buildSettings = {
				ALWAYS_SEARCH_USER_PATHS = NO;
				CLANG_ANALYZER_NONNULL = YES;
				CLANG_ANALYZER_NUMBER_OBJECT_CONVERSION = YES_AGGRESSIVE;
				CLANG_CXX_LANGUAGE_STANDARD = "gnu++17";
				CLANG_ENABLE_MODULES = YES;
				CLANG_ENABLE_OBJC_ARC = YES;
				CLANG_ENABLE_OBJC_WEAK = YES;
				CLANG_WARN_BLOCK_CAPTURE_AUTORELEASING = YES;
				CLANG_WARN_BOOL_CONVERSION = YES;
				CLANG_WARN_COMMA = YES;
				CLANG_WARN_CONSTANT_CONVERSION = YES;
				CLANG_WARN_DEPRECATED_OBJC_IMPLEMENTATIONS = YES;
				CLANG_WARN_DIRECT_OBJC_ISA_USAGE = YES_ERROR;
				CLANG_WARN_DOCUMENTATION_COMMENTS = YES;
				CLANG_WARN_EMPTY_BODY = YES;
				CLANG_WARN_ENUM_CONVERSION = YES;
				CLANG_WARN_INFINITE_RECURSION = YES;
				CLANG_WARN_INT_CONVERSION = YES;
				CLANG_WARN_NON_LITERAL_NULL_CONVERSION = YES;
				CLANG_WARN_OBJC_IMPLICIT_RETAIN_SELF = YES;
				CLANG_WARN_OBJC_LITERAL_CONVERSION = YES;
				CLANG_WARN_OBJC_ROOT_CLASS = YES_ERROR;
				CLANG_WARN_QUOTED_INCLUDE_IN_FRAMEWORK_HEADER = YES;
				CLANG_WARN_RANGE_LOOP_ANALYSIS = YES;
				CLANG_WARN_STRICT_PROTOTYPES = YES;
				CLANG_WARN_SUSPICIOUS_MOVE = YES;
				CLANG_WARN_UNGUARDED_AVAILABILITY = YES_AGGRESSIVE;
				CLANG_WARN_UNREACHABLE_CODE = YES;
				CLANG_WARN__DUPLICATE_METHOD_MATCH = YES;
				COPY_PHASE_STRIP = NO;
				DEBUG_INFORMATION_FORMAT = dwarf;
				ENABLE_STRICT_OBJC_MSGSEND = YES;
				ENABLE_TESTABILITY = YES;
				GCC_C_LANGUAGE_STANDARD = gnu11;
				GCC_DYNAMIC_NO_PIC = NO;
				GCC_NO_COMMON_BLOCKS = YES;
				GCC_OPTIMIZATION_LEVEL = 0;
				GCC_PREPROCESSOR_DEFINITIONS = (
					"DEBUG=1",
					"$(inherited)",
				);
				GCC_WARN_64_TO_32_BIT_CONVERSION = YES;
				GCC_WARN_ABOUT_RETURN_TYPE = YES_ERROR;
				GCC_WARN_UNDECLARED_SELECTOR = YES;
				GCC_WARN_UNINITIALIZED_AUTOS = YES_AGGRESSIVE;
				GCC_WARN_UNUSED_FUNCTION = YES;
				GCC_WARN_UNUSED_VARIABLE = YES;
				IPHONEOS_DEPLOYMENT_TARGET = 15.5;
				MTL_ENABLE_DEBUG_INFO = INCLUDE_SOURCE;
				MTL_FAST_MATH = YES;
				ONLY_ACTIVE_ARCH = YES;
				SDKROOT = iphoneos;
				SWIFT_ACTIVE_COMPILATION_CONDITIONS = DEBUG;
				SWIFT_OPTIMIZATION_LEVEL = "-Onone";
			};
			name = Debug;
		};
		53AD150929EC58D300DF1F4F /* Release */ = {
			isa = XCBuildConfiguration;
			buildSettings = {
				ALWAYS_SEARCH_USER_PATHS = NO;
				CLANG_ANALYZER_NONNULL = YES;
				CLANG_ANALYZER_NUMBER_OBJECT_CONVERSION = YES_AGGRESSIVE;
				CLANG_CXX_LANGUAGE_STANDARD = "gnu++17";
				CLANG_ENABLE_MODULES = YES;
				CLANG_ENABLE_OBJC_ARC = YES;
				CLANG_ENABLE_OBJC_WEAK = YES;
				CLANG_WARN_BLOCK_CAPTURE_AUTORELEASING = YES;
				CLANG_WARN_BOOL_CONVERSION = YES;
				CLANG_WARN_COMMA = YES;
				CLANG_WARN_CONSTANT_CONVERSION = YES;
				CLANG_WARN_DEPRECATED_OBJC_IMPLEMENTATIONS = YES;
				CLANG_WARN_DIRECT_OBJC_ISA_USAGE = YES_ERROR;
				CLANG_WARN_DOCUMENTATION_COMMENTS = YES;
				CLANG_WARN_EMPTY_BODY = YES;
				CLANG_WARN_ENUM_CONVERSION = YES;
				CLANG_WARN_INFINITE_RECURSION = YES;
				CLANG_WARN_INT_CONVERSION = YES;
				CLANG_WARN_NON_LITERAL_NULL_CONVERSION = YES;
				CLANG_WARN_OBJC_IMPLICIT_RETAIN_SELF = YES;
				CLANG_WARN_OBJC_LITERAL_CONVERSION = YES;
				CLANG_WARN_OBJC_ROOT_CLASS = YES_ERROR;
				CLANG_WARN_QUOTED_INCLUDE_IN_FRAMEWORK_HEADER = YES;
				CLANG_WARN_RANGE_LOOP_ANALYSIS = YES;
				CLANG_WARN_STRICT_PROTOTYPES = YES;
				CLANG_WARN_SUSPICIOUS_MOVE = YES;
				CLANG_WARN_UNGUARDED_AVAILABILITY = YES_AGGRESSIVE;
				CLANG_WARN_UNREACHABLE_CODE = YES;
				CLANG_WARN__DUPLICATE_METHOD_MATCH = YES;
				COPY_PHASE_STRIP = NO;
				DEBUG_INFORMATION_FORMAT = "dwarf-with-dsym";
				ENABLE_NS_ASSERTIONS = NO;
				ENABLE_STRICT_OBJC_MSGSEND = YES;
				GCC_C_LANGUAGE_STANDARD = gnu11;
				GCC_NO_COMMON_BLOCKS = YES;
				GCC_WARN_64_TO_32_BIT_CONVERSION = YES;
				GCC_WARN_ABOUT_RETURN_TYPE = YES_ERROR;
				GCC_WARN_UNDECLARED_SELECTOR = YES;
				GCC_WARN_UNINITIALIZED_AUTOS = YES_AGGRESSIVE;
				GCC_WARN_UNUSED_FUNCTION = YES;
				GCC_WARN_UNUSED_VARIABLE = YES;
				IPHONEOS_DEPLOYMENT_TARGET = 15.5;
				MTL_ENABLE_DEBUG_INFO = NO;
				MTL_FAST_MATH = YES;
				SDKROOT = iphoneos;
				SWIFT_COMPILATION_MODE = wholemodule;
				SWIFT_OPTIMIZATION_LEVEL = "-O";
				VALIDATE_PRODUCT = YES;
			};
			name = Release;
		};
		53AD150B29EC58D300DF1F4F /* Debug */ = {
			isa = XCBuildConfiguration;
			baseConfigurationReference = E15B8B72A86A9C8B1466B0A8 /* Pods-ChatDemo.debug.xcconfig */;
			buildSettings = {
				ASSETCATALOG_COMPILER_APPICON_NAME = AppIcon;
				ASSETCATALOG_COMPILER_GLOBAL_ACCENT_COLOR_NAME = AccentColor;
				CODE_SIGN_STYLE = Automatic;
				CURRENT_PROJECT_VERSION = 1;
				GENERATE_INFOPLIST_FILE = YES;
				INFOPLIST_FILE = ChatDemo/Info.plist;
				INFOPLIST_KEY_UIApplicationSupportsIndirectInputEvents = YES;
				INFOPLIST_KEY_UILaunchStoryboardName = LaunchScreen;
				INFOPLIST_KEY_UIMainStoryboardFile = LaunchScreen;
				INFOPLIST_KEY_UISupportedInterfaceOrientations = UIInterfaceOrientationPortrait;
				INFOPLIST_KEY_UISupportedInterfaceOrientations_iPad = "UIInterfaceOrientationPortrait UIInterfaceOrientationPortraitUpsideDown UIInterfaceOrientationLandscapeLeft UIInterfaceOrientationLandscapeRight";
				INFOPLIST_KEY_UISupportedInterfaceOrientations_iPhone = "UIInterfaceOrientationPortrait UIInterfaceOrientationLandscapeLeft UIInterfaceOrientationLandscapeRight";
				LD_RUNPATH_SEARCH_PATHS = (
					"$(inherited)",
					"@executable_path/Frameworks",
				);
				MARKETING_VERSION = 1.0;
				PRODUCT_BUNDLE_IDENTIFIER = canh3008.developer.swift.ChatDemo;
				PRODUCT_NAME = "$(TARGET_NAME)";
				SWIFT_EMIT_LOC_STRINGS = YES;
				SWIFT_VERSION = 5.0;
				TARGETED_DEVICE_FAMILY = "1,2";
			};
			name = Debug;
		};
		53AD150C29EC58D300DF1F4F /* Release */ = {
			isa = XCBuildConfiguration;
			baseConfigurationReference = 5307EE162512B14B44AC6BE7 /* Pods-ChatDemo.release.xcconfig */;
			buildSettings = {
				ASSETCATALOG_COMPILER_APPICON_NAME = AppIcon;
				ASSETCATALOG_COMPILER_GLOBAL_ACCENT_COLOR_NAME = AccentColor;
				CODE_SIGN_STYLE = Automatic;
				CURRENT_PROJECT_VERSION = 1;
				GENERATE_INFOPLIST_FILE = YES;
				INFOPLIST_FILE = ChatDemo/Info.plist;
				INFOPLIST_KEY_UIApplicationSupportsIndirectInputEvents = YES;
				INFOPLIST_KEY_UILaunchStoryboardName = LaunchScreen;
				INFOPLIST_KEY_UIMainStoryboardFile = LaunchScreen;
				INFOPLIST_KEY_UISupportedInterfaceOrientations = UIInterfaceOrientationPortrait;
				INFOPLIST_KEY_UISupportedInterfaceOrientations_iPad = "UIInterfaceOrientationPortrait UIInterfaceOrientationPortraitUpsideDown UIInterfaceOrientationLandscapeLeft UIInterfaceOrientationLandscapeRight";
				INFOPLIST_KEY_UISupportedInterfaceOrientations_iPhone = "UIInterfaceOrientationPortrait UIInterfaceOrientationLandscapeLeft UIInterfaceOrientationLandscapeRight";
				LD_RUNPATH_SEARCH_PATHS = (
					"$(inherited)",
					"@executable_path/Frameworks",
				);
				MARKETING_VERSION = 1.0;
				PRODUCT_BUNDLE_IDENTIFIER = canh3008.developer.swift.ChatDemo;
				PRODUCT_NAME = "$(TARGET_NAME)";
				SWIFT_EMIT_LOC_STRINGS = YES;
				SWIFT_VERSION = 5.0;
				TARGETED_DEVICE_FAMILY = "1,2";
			};
			name = Release;
		};
/* End XCBuildConfiguration section */

/* Begin XCConfigurationList section */
		53AD14F129EC58D000DF1F4F /* Build configuration list for PBXProject "ChatDemo" */ = {
			isa = XCConfigurationList;
			buildConfigurations = (
				53AD150829EC58D300DF1F4F /* Debug */,
				53AD150929EC58D300DF1F4F /* Release */,
			);
			defaultConfigurationIsVisible = 0;
			defaultConfigurationName = Release;
		};
		53AD150A29EC58D300DF1F4F /* Build configuration list for PBXNativeTarget "ChatDemo" */ = {
			isa = XCConfigurationList;
			buildConfigurations = (
				53AD150B29EC58D300DF1F4F /* Debug */,
				53AD150C29EC58D300DF1F4F /* Release */,
			);
			defaultConfigurationIsVisible = 0;
			defaultConfigurationName = Release;
		};
/* End XCConfigurationList section */
	};
	rootObject = 53AD14EE29EC58D000DF1F4F /* Project object */;
}
